
Microsoft Visual Studio Solution File, Format Version 12.00
# Visual Studio 15
VisualStudioVersion = 15.0.27004.2002
MinimumVisualStudioVersion = 10.0.40219.1
Project("{FAE04EC0-301F-11D3-BF4B-00C04F79EFBC}") = "AccountingTestsLib", "AccountingTestsLib\AccountingTestsLib.csproj", "{82988D8A-0B9B-4D0B-B016-DF42CEEF048A}"
EndProject
Project("{FAE04EC0-301F-11D3-BF4B-00C04F79EFBC}") = "AccountingLib", "AccountingLib\AccountingLib.csproj", "{0A7CB523-197F-4EB1-9DDA-0582872BCA7F}"
EndProject
Project("{FAE04EC0-301F-11D3-BF4B-00C04F79EFBC}") = "AccountingIntegrationTestsLib", "AccountingIntegrationTestsLib\AccountingIntegrationTestsLib.csproj", "{B419B9ED-E74B-4E0B-982A-97DE5B34BDDF}"
EndProject
Global
	GlobalSection(SolutionConfigurationPlatforms) = preSolution
		Debug|Any CPU = Debug|Any CPU
		Release|Any CPU = Release|Any CPU
	EndGlobalSection
	GlobalSection(ProjectConfigurationPlatforms) = postSolution
		{82988D8A-0B9B-4D0B-B016-DF42CEEF048A}.Debug|Any CPU.ActiveCfg = Debug|Any CPU
		{82988D8A-0B9B-4D0B-B016-DF42CEEF048A}.Debug|Any CPU.Build.0 = Debug|Any CPU
		{82988D8A-0B9B-4D0B-B016-DF42CEEF048A}.Release|Any CPU.ActiveCfg = Release|Any CPU
		{82988D8A-0B9B-4D0B-B016-DF42CEEF048A}.Release|Any CPU.Build.0 = Release|Any CPU
		{0A7CB523-197F-4EB1-9DDA-0582872BCA7F}.Debug|Any CPU.ActiveCfg = Debug|Any CPU
		{0A7CB523-197F-4EB1-9DDA-0582872BCA7F}.Debug|Any CPU.Build.0 = Debug|Any CPU
		{0A7CB523-197F-4EB1-9DDA-0582872BCA7F}.Release|Any CPU.ActiveCfg = Release|Any CPU
		{0A7CB523-197F-4EB1-9DDA-0582872BCA7F}.Release|Any CPU.Build.0 = Release|Any CPU
		{B419B9ED-E74B-4E0B-982A-97DE5B34BDDF}.Debug|Any CPU.ActiveCfg = Debug|Any CPU
		{B419B9ED-E74B-4E0B-982A-97DE5B34BDDF}.Debug|Any CPU.Build.0 = Debug|Any CPU
		{B419B9ED-E74B-4E0B-982A-97DE5B34BDDF}.Release|Any CPU.ActiveCfg = Release|Any CPU
		{B419B9ED-E74B-4E0B-982A-97DE5B34BDDF}.Release|Any CPU.Build.0 = Release|Any CPU
	EndGlobalSection
	GlobalSection(SolutionProperties) = preSolution
		HideSolutionNode = FALSE
	EndGlobalSection
	GlobalSection(ExtensibilityGlobals) = postSolution
		SolutionGuid = {11B2387A-3A45-4975-8E5E-B5DE8610B464}
	EndGlobalSection
EndGlobal
